
Microsoft Visual Studio Solution File, Format Version 12.00
# Visual Studio Version 17
VisualStudioVersion = 17.1.31911.260
MinimumVisualStudioVersion = 10.0.40219.1
Project("{9A19103F-16F7-4668-BE54-9A1E7A4F7556}") = "Acudir.Test.Apis", "Acudir.Test.Apis\Acudir.Test.Apis.csproj", "{122BCC8C-6BCF-4661-BC30-78DC14678AC5}"
EndProject
Project("{FAE04EC0-301F-11D3-BF4B-00C04F79EFBC}") = "Application", "..\TEST-ACUDIR\Application\Application.csproj", "{6C074048-9BE0-4EE5-B0CB-88C9E09C0F4C}"
EndProject
Project("{FAE04EC0-301F-11D3-BF4B-00C04F79EFBC}") = "Domain", "..\TEST-ACUDIR\Domain\Domain.csproj", "{0EA98245-7BEF-47F9-BB35-F9458F2B17FE}"
EndProject
Project("{2150E333-8FDC-42A3-9474-1A3956D46DE8}") = "Core", "Core", "{C1A3B455-555C-45E7-A89A-A264B3AAFB37}"
EndProject
Project("{2150E333-8FDC-42A3-9474-1A3956D46DE8}") = "DataAcces", "DataAcces", "{21F0D26F-D344-4164-BCAC-22487CD819E5}"
EndProject
Project("{FAE04EC0-301F-11D3-BF4B-00C04F79EFBC}") = "Data", "..\TEST-ACUDIR\Data\Data.csproj", "{AFC7198D-FE9B-4279-ABE7-3AF1A0C932EC}"
EndProject
Project("{2150E333-8FDC-42A3-9474-1A3956D46DE8}") = "Test", "Test", "{0C92C517-77CC-4D8B-9180-992409CDE449}"
EndProject
Project("{FAE04EC0-301F-11D3-BF4B-00C04F79EFBC}") = "UnitTest", "..\TEST-ACUDIR\UnitTest\UnitTest.csproj", "{795D11A2-4336-40DB-AA46-780090A69949}"
EndProject
Global
	GlobalSection(SolutionConfigurationPlatforms) = preSolution
		Debug|Any CPU = Debug|Any CPU
		Release|Any CPU = Release|Any CPU
	EndGlobalSection
	GlobalSection(ProjectConfigurationPlatforms) = postSolution
		{122BCC8C-6BCF-4661-BC30-78DC14678AC5}.Debug|Any CPU.ActiveCfg = Debug|Any CPU
		{122BCC8C-6BCF-4661-BC30-78DC14678AC5}.Debug|Any CPU.Build.0 = Debug|Any CPU
		{122BCC8C-6BCF-4661-BC30-78DC14678AC5}.Release|Any CPU.ActiveCfg = Release|Any CPU
		{122BCC8C-6BCF-4661-BC30-78DC14678AC5}.Release|Any CPU.Build.0 = Release|Any CPU
		{6C074048-9BE0-4EE5-B0CB-88C9E09C0F4C}.Debug|Any CPU.ActiveCfg = Debug|Any CPU
		{6C074048-9BE0-4EE5-B0CB-88C9E09C0F4C}.Debug|Any CPU.Build.0 = Debug|Any CPU
		{6C074048-9BE0-4EE5-B0CB-88C9E09C0F4C}.Release|Any CPU.ActiveCfg = Release|Any CPU
		{6C074048-9BE0-4EE5-B0CB-88C9E09C0F4C}.Release|Any CPU.Build.0 = Release|Any CPU
		{0EA98245-7BEF-47F9-BB35-F9458F2B17FE}.Debug|Any CPU.ActiveCfg = Debug|Any CPU
		{0EA98245-7BEF-47F9-BB35-F9458F2B17FE}.Debug|Any CPU.Build.0 = Debug|Any CPU
		{0EA98245-7BEF-47F9-BB35-F9458F2B17FE}.Release|Any CPU.ActiveCfg = Release|Any CPU
		{0EA98245-7BEF-47F9-BB35-F9458F2B17FE}.Release|Any CPU.Build.0 = Release|Any CPU
		{AFC7198D-FE9B-4279-ABE7-3AF1A0C932EC}.Debug|Any CPU.ActiveCfg = Debug|Any CPU
		{AFC7198D-FE9B-4279-ABE7-3AF1A0C932EC}.Debug|Any CPU.Build.0 = Debug|Any CPU
		{AFC7198D-FE9B-4279-ABE7-3AF1A0C932EC}.Release|Any CPU.ActiveCfg = Release|Any CPU
		{AFC7198D-FE9B-4279-ABE7-3AF1A0C932EC}.Release|Any CPU.Build.0 = Release|Any CPU
		{795D11A2-4336-40DB-AA46-780090A69949}.Debug|Any CPU.ActiveCfg = Debug|Any CPU
		{795D11A2-4336-40DB-AA46-780090A69949}.Debug|Any CPU.Build.0 = Debug|Any CPU
		{795D11A2-4336-40DB-AA46-780090A69949}.Release|Any CPU.ActiveCfg = Release|Any CPU
		{795D11A2-4336-40DB-AA46-780090A69949}.Release|Any CPU.Build.0 = Release|Any CPU
	EndGlobalSection
	GlobalSection(SolutionProperties) = preSolution
		HideSolutionNode = FALSE
	EndGlobalSection
	GlobalSection(NestedProjects) = preSolution
		{6C074048-9BE0-4EE5-B0CB-88C9E09C0F4C} = {C1A3B455-555C-45E7-A89A-A264B3AAFB37}
		{0EA98245-7BEF-47F9-BB35-F9458F2B17FE} = {C1A3B455-555C-45E7-A89A-A264B3AAFB37}
		{AFC7198D-FE9B-4279-ABE7-3AF1A0C932EC} = {21F0D26F-D344-4164-BCAC-22487CD819E5}
		{795D11A2-4336-40DB-AA46-780090A69949} = {0C92C517-77CC-4D8B-9180-992409CDE449}
	EndGlobalSection
	GlobalSection(ExtensibilityGlobals) = postSolution
		SolutionGuid = {D15820BC-0967-4C4B-A226-1E886DDBBB57}
	EndGlobalSection
EndGlobal
